
Microsoft Visual Studio Solution File, Format Version 12.00
# Visual Studio Version 16
VisualStudioVersion = 16.0.31911.196
MinimumVisualStudioVersion = 10.0.40219.1
Project("{FAE04EC0-301F-11D3-BF4B-00C04F79EFBC}") = "18.Ders Değişken Sayısında Parametre alan metotlar", "18.Ders Değişken Sayısında Parametre alan metotlar\18.Ders Değişken Sayısında Parametre alan metotlar.csproj", "{5C6A7298-5650-4E85-B47A-68E27711176C}"
EndProject
Global
	GlobalSection(SolutionConfigurationPlatforms) = preSolution
		Debug|Any CPU = Debug|Any CPU
		Release|Any CPU = Release|Any CPU
	EndGlobalSection
	GlobalSection(ProjectConfigurationPlatforms) = postSolution
		{5C6A7298-5650-4E85-B47A-68E27711176C}.Debug|Any CPU.ActiveCfg = Debug|Any CPU
		{5C6A7298-5650-4E85-B47A-68E27711176C}.Debug|Any CPU.Build.0 = Debug|Any CPU
		{5C6A7298-5650-4E85-B47A-68E27711176C}.Release|Any CPU.ActiveCfg = Release|Any CPU
		{5C6A7298-5650-4E85-B47A-68E27711176C}.Release|Any CPU.Build.0 = Release|Any CPU
	EndGlobalSection
	GlobalSection(SolutionProperties) = preSolution
		HideSolutionNode = FALSE
	EndGlobalSection
	GlobalSection(ExtensibilityGlobals) = postSolution
		SolutionGuid = {C727266F-214B-4FD3-A1C3-8D077ABB6E9A}
	EndGlobalSection
EndGlobal
