
Microsoft Visual Studio Solution File, Format Version 12.00
# Visual Studio Version 16
VisualStudioVersion = 16.0.31911.196
MinimumVisualStudioVersion = 10.0.40219.1
Project("{FAE04EC0-301F-11D3-BF4B-00C04F79EFBC}") = "17.Ders Faktöriyel", "17.Ders Faktöriyel\17.Ders Faktöriyel.csproj", "{EDCE1E06-9701-499A-8E3F-EDA55C1D2AAD}"
EndProject
Global
	GlobalSection(SolutionConfigurationPlatforms) = preSolution
		Debug|Any CPU = Debug|Any CPU
		Release|Any CPU = Release|Any CPU
	EndGlobalSection
	GlobalSection(ProjectConfigurationPlatforms) = postSolution
		{EDCE1E06-9701-499A-8E3F-EDA55C1D2AAD}.Debug|Any CPU.ActiveCfg = Debug|Any CPU
		{EDCE1E06-9701-499A-8E3F-EDA55C1D2AAD}.Debug|Any CPU.Build.0 = Debug|Any CPU
		{EDCE1E06-9701-499A-8E3F-EDA55C1D2AAD}.Release|Any CPU.ActiveCfg = Release|Any CPU
		{EDCE1E06-9701-499A-8E3F-EDA55C1D2AAD}.Release|Any CPU.Build.0 = Release|Any CPU
	EndGlobalSection
	GlobalSection(SolutionProperties) = preSolution
		HideSolutionNode = FALSE
	EndGlobalSection
	GlobalSection(ExtensibilityGlobals) = postSolution
		SolutionGuid = {9B09F44F-136C-4DAE-AFEC-C05A8146BA3D}
	EndGlobalSection
EndGlobal
