
Microsoft Visual Studio Solution File, Format Version 12.00
# Visual Studio Version 16
VisualStudioVersion = 16.0.31727.386
MinimumVisualStudioVersion = 10.0.40219.1
Project("{FAE04EC0-301F-11D3-BF4B-00C04F79EFBC}") = "WindowsFormsApp1", "WindowsFormsApp1\WindowsFormsApp1.csproj", "{0CDD667F-26BC-4419-AD4E-ACB600C8787A}"
EndProject
Global
	GlobalSection(SolutionConfigurationPlatforms) = preSolution
		Debug|Any CPU = Debug|Any CPU
		Release|Any CPU = Release|Any CPU
	EndGlobalSection
	GlobalSection(ProjectConfigurationPlatforms) = postSolution
		{0CDD667F-26BC-4419-AD4E-ACB600C8787A}.Debug|Any CPU.ActiveCfg = Debug|Any CPU
		{0CDD667F-26BC-4419-AD4E-ACB600C8787A}.Debug|Any CPU.Build.0 = Debug|Any CPU
		{0CDD667F-26BC-4419-AD4E-ACB600C8787A}.Release|Any CPU.ActiveCfg = Release|Any CPU
		{0CDD667F-26BC-4419-AD4E-ACB600C8787A}.Release|Any CPU.Build.0 = Release|Any CPU
	EndGlobalSection
	GlobalSection(SolutionProperties) = preSolution
		HideSolutionNode = FALSE
	EndGlobalSection
	GlobalSection(ExtensibilityGlobals) = postSolution
		SolutionGuid = {02973553-85D9-40CD-828E-91C379D4FE16}
	EndGlobalSection
EndGlobal
